<Solution>
  <Project Path="01/01.csproj" />
  <Project Path="02/02.csproj" />
  <Project Path="03/03.csproj" />
  <Project Path="04/04.csproj" />
  <Project Path="05/05.csproj" />
  <Project Path="06/06.csproj" />
  <Project Path="07/07.csproj" />
  <Project Path="08/08.csproj" />
  <Project Path="09/09.csproj" />
  <Project Path="10/10.csproj" Id="43b70519-2b3d-4af2-9416-493f9819e060" />
  <Project Path="11/11.csproj" Id="f973cf5a-3408-41ae-ba13-081df68ca78a" />
  <Project Path="actividad 04 ciclo foreach/actividad 04 ciclo foreach.csproj" />
</Solution>
