<Solution>
  <Project Path="01/01.csproj" />
  <Project Path="02/02.csproj" />
  <Project Path="03/03.csproj" />
  <Project Path="04/04.csproj" />
  <Project Path="05/05.csproj" />
  <Project Path="06/06.csproj" />
  <Project Path="07/07.csproj" />
  <Project Path="08/08.csproj" />
  <Project Path="09/09.csproj" />
  <Project Path="10/10.csproj" Id="43b70519-2b3d-4af2-9416-493f9819e060" />
  <Project Path="11/11.csproj" Id="f973cf5a-3408-41ae-ba13-081df68ca78a" />
  <Project Path="12/12.csproj" Id="13f57fef-4b22-4d62-a1c0-d8ac1aa8abb3" />
  <Project Path="13/13.csproj" Id="0d9c2d69-efa1-4bd6-866a-82a3d0e9f417" />
  <Project Path="14/14.csproj" Id="4225df3f-dd78-45d0-bf26-9d3306296c86" />
  <Project Path="15/15.csproj" Id="933cfc24-409a-4240-8dc4-c4793208f124" />
  <Project Path="16/16.csproj" Id="cda8a150-a67b-421a-a248-b68b1fc6fab4" />
  <Project Path="17/17.csproj" Id="7ea577c6-3bf8-4822-a0e1-3f3a6063cdd7" />
  <Project Path="18/18.csproj" Id="4f957c79-98d5-4b2c-8422-8eab102b5c99" />
  <Project Path="19/19.csproj" Id="ce854565-da63-4ece-8edd-b46a65bfceea" />
  <Project Path="20/20.csproj" Id="eab79a33-ec0d-4aa9-8b45-a5e18d964317" />
  <Project Path="21/21.csproj" Id="a659e9cf-8754-4e48-b7af-29a465722f90" />
  <Project Path="22/22.csproj" Id="123107a1-e201-4c10-9b51-5d5ea2335dbe" />
  <Project Path="23/23.csproj" Id="e5454c06-3ed3-48e7-9259-0ee2b66d9b82" />
  <Project Path="24/24.csproj" Id="ef36be49-5628-4d62-9440-a08792aac17f" />
  <Project Path="25/25.csproj" Id="85c43a51-61ce-48d4-a53d-eeb9c2fe337d" />
  <Project Path="actividad 04 ciclo foreach/actividad 04 ciclo foreach.csproj" />
</Solution>
